
Microsoft Visual Studio Solution File, Format Version 12.00
# Visual Studio 15
VisualStudioVersion = 15.0.28307.168
MinimumVisualStudioVersion = 10.0.40219.1
Project("{F2A71F9B-5D33-465A-A702-920D77279786}") = "awstest", "awstest\awstest.fsproj", "{3D748A3F-352D-429F-B75E-CF2E664E6489}"
EndProject
Global
	GlobalSection(SolutionConfigurationPlatforms) = preSolution
		Debug|Any CPU = Debug|Any CPU
		Release|Any CPU = Release|Any CPU
	EndGlobalSection
	GlobalSection(ProjectConfigurationPlatforms) = postSolution
		{3D748A3F-352D-429F-B75E-CF2E664E6489}.Debug|Any CPU.ActiveCfg = Debug|Any CPU
		{3D748A3F-352D-429F-B75E-CF2E664E6489}.Debug|Any CPU.Build.0 = Debug|Any CPU
		{3D748A3F-352D-429F-B75E-CF2E664E6489}.Release|Any CPU.ActiveCfg = Release|Any CPU
		{3D748A3F-352D-429F-B75E-CF2E664E6489}.Release|Any CPU.Build.0 = Release|Any CPU
	EndGlobalSection
	GlobalSection(SolutionProperties) = preSolution
		HideSolutionNode = FALSE
	EndGlobalSection
	GlobalSection(ExtensibilityGlobals) = postSolution
		SolutionGuid = {ECB78290-A58C-4031-95F7-6BB8131DD456}
	EndGlobalSection
EndGlobal
